# This file is generated by Poetry and is intended to be committed to version control
# to pin all transitive dependency versions and hashes for reproducible installs.
[metadata]
lock-version = "2.0"
python-versions = ">=3.11,<4.0"
content-hash = "0000000000000000000000000000000000000000000000000000000000000000"
[metadata.files]
